
Microsoft Visual Studio Solution File, Format Version 12.00
# Visual Studio 15
VisualStudioVersion = 15.0.28010.2026
MinimumVisualStudioVersion = 10.0.40219.1
Project("{FAE04EC0-301F-11D3-BF4B-00C04F79EFBC}") = "FileBrowse", "FileBrowse\FileBrowse.csproj", "{F80F8945-34AA-4B72-B51B-C442D26DA037}"
EndProject
Global
	GlobalSection(SolutionConfigurationPlatforms) = preSolution
		Debug|Any CPU = Debug|Any CPU
		Release|Any CPU = Release|Any CPU
	EndGlobalSection
	GlobalSection(ProjectConfigurationPlatforms) = postSolution
		{F80F8945-34AA-4B72-B51B-C442D26DA037}.Debug|Any CPU.ActiveCfg = Debug|Any CPU
		{F80F8945-34AA-4B72-B51B-C442D26DA037}.Debug|Any CPU.Build.0 = Debug|Any CPU
		{F80F8945-34AA-4B72-B51B-C442D26DA037}.Release|Any CPU.ActiveCfg = Release|Any CPU
		{F80F8945-34AA-4B72-B51B-C442D26DA037}.Release|Any CPU.Build.0 = Release|Any CPU
	EndGlobalSection
	GlobalSection(SolutionProperties) = preSolution
		HideSolutionNode = FALSE
	EndGlobalSection
	GlobalSection(ExtensibilityGlobals) = postSolution
		SolutionGuid = {C739653A-57E8-4E58-9AE3-A624838E9970}
	EndGlobalSection
EndGlobal
